
Microsoft Visual Studio Solution File, Format Version 12.00
# Visual Studio 15
VisualStudioVersion = 15.0.28010.2016
MinimumVisualStudioVersion = 10.0.40219.1
Project("{FAE04EC0-301F-11D3-BF4B-00C04F79EFBC}") = "gittest2.Android", "gittest2\gittest2.Android\gittest2.Android.csproj", "{4CAA34F7-0563-4AD9-BBFC-05EDF0A3F141}"
EndProject
Project("{FAE04EC0-301F-11D3-BF4B-00C04F79EFBC}") = "gittest2.iOS", "gittest2\gittest2.iOS\gittest2.iOS.csproj", "{645FADA9-A91E-446C-A311-D5A8D1E09CB8}"
EndProject
Project("{FAE04EC0-301F-11D3-BF4B-00C04F79EFBC}") = "gittest2", "gittest2\gittest2\gittest2.csproj", "{B3AB9F1F-5BE5-47BF-AB6F-CE763F50C7D4}"
EndProject
Global
	GlobalSection(SolutionConfigurationPlatforms) = preSolution
		Ad-Hoc|Any CPU = Ad-Hoc|Any CPU
		Ad-Hoc|iPhone = Ad-Hoc|iPhone
		Ad-Hoc|iPhoneSimulator = Ad-Hoc|iPhoneSimulator
		AppStore|Any CPU = AppStore|Any CPU
		AppStore|iPhone = AppStore|iPhone
		AppStore|iPhoneSimulator = AppStore|iPhoneSimulator
		Debug|Any CPU = Debug|Any CPU
		Debug|iPhone = Debug|iPhone
		Debug|iPhoneSimulator = Debug|iPhoneSimulator
		Release|Any CPU = Release|Any CPU
		Release|iPhone = Release|iPhone
		Release|iPhoneSimulator = Release|iPhoneSimulator
	EndGlobalSection
	GlobalSection(ProjectConfigurationPlatforms) = postSolution
		{4CAA34F7-0563-4AD9-BBFC-05EDF0A3F141}.Ad-Hoc|Any CPU.ActiveCfg = Release|Any CPU
		{4CAA34F7-0563-4AD9-BBFC-05EDF0A3F141}.Ad-Hoc|Any CPU.Build.0 = Release|Any CPU
		{4CAA34F7-0563-4AD9-BBFC-05EDF0A3F141}.Ad-Hoc|Any CPU.Deploy.0 = Release|Any CPU
		{4CAA34F7-0563-4AD9-BBFC-05EDF0A3F141}.Ad-Hoc|iPhone.ActiveCfg = Release|Any CPU
		{4CAA34F7-0563-4AD9-BBFC-05EDF0A3F141}.Ad-Hoc|iPhone.Build.0 = Release|Any CPU
		{4CAA34F7-0563-4AD9-BBFC-05EDF0A3F141}.Ad-Hoc|iPhone.Deploy.0 = Release|Any CPU
		{4CAA34F7-0563-4AD9-BBFC-05EDF0A3F141}.Ad-Hoc|iPhoneSimulator.ActiveCfg = Release|Any CPU
		{4CAA34F7-0563-4AD9-BBFC-05EDF0A3F141}.Ad-Hoc|iPhoneSimulator.Build.0 = Release|Any CPU
		{4CAA34F7-0563-4AD9-BBFC-05EDF0A3F141}.Ad-Hoc|iPhoneSimulator.Deploy.0 = Release|Any CPU
		{4CAA34F7-0563-4AD9-BBFC-05EDF0A3F141}.AppStore|Any CPU.ActiveCfg = Release|Any CPU
		{4CAA34F7-0563-4AD9-BBFC-05EDF0A3F141}.AppStore|Any CPU.Build.0 = Release|Any CPU
		{4CAA34F7-0563-4AD9-BBFC-05EDF0A3F141}.AppStore|Any CPU.Deploy.0 = Release|Any CPU
		{4CAA34F7-0563-4AD9-BBFC-05EDF0A3F141}.AppStore|iPhone.ActiveCfg = Release|Any CPU
		{4CAA34F7-0563-4AD9-BBFC-05EDF0A3F141}.AppStore|iPhone.Build.0 = Release|Any CPU
		{4CAA34F7-0563-4AD9-BBFC-05EDF0A3F141}.AppStore|iPhone.Deploy.0 = Release|Any CPU
		{4CAA34F7-0563-4AD9-BBFC-05EDF0A3F141}.AppStore|iPhoneSimulator.ActiveCfg = Release|Any CPU
		{4CAA34F7-0563-4AD9-BBFC-05EDF0A3F141}.AppStore|iPhoneSimulator.Build.0 = Release|Any CPU
		{4CAA34F7-0563-4AD9-BBFC-05EDF0A3F141}.AppStore|iPhoneSimulator.Deploy.0 = Release|Any CPU
		{4CAA34F7-0563-4AD9-BBFC-05EDF0A3F141}.Debug|Any CPU.ActiveCfg = Debug|Any CPU
		{4CAA34F7-0563-4AD9-BBFC-05EDF0A3F141}.Debug|Any CPU.Build.0 = Debug|Any CPU
		{4CAA34F7-0563-4AD9-BBFC-05EDF0A3F141}.Debug|Any CPU.Deploy.0 = Debug|Any CPU
		{4CAA34F7-0563-4AD9-BBFC-05EDF0A3F141}.Debug|iPhone.ActiveCfg = Debug|Any CPU
		{4CAA34F7-0563-4AD9-BBFC-05EDF0A3F141}.Debug|iPhone.Build.0 = Debug|Any CPU
		{4CAA34F7-0563-4AD9-BBFC-05EDF0A3F141}.Debug|iPhone.Deploy.0 = Debug|Any CPU
		{4CAA34F7-0563-4AD9-BBFC-05EDF0A3F141}.Debug|iPhoneSimulator.ActiveCfg = Debug|Any CPU
		{4CAA34F7-0563-4AD9-BBFC-05EDF0A3F141}.Debug|iPhoneSimulator.Build.0 = Debug|Any CPU
		{4CAA34F7-0563-4AD9-BBFC-05EDF0A3F141}.Debug|iPhoneSimulator.Deploy.0 = Debug|Any CPU
		{4CAA34F7-0563-4AD9-BBFC-05EDF0A3F141}.Release|Any CPU.ActiveCfg = Release|Any CPU
		{4CAA34F7-0563-4AD9-BBFC-05EDF0A3F141}.Release|Any CPU.Build.0 = Release|Any CPU
		{4CAA34F7-0563-4AD9-BBFC-05EDF0A3F141}.Release|Any CPU.Deploy.0 = Release|Any CPU
		{4CAA34F7-0563-4AD9-BBFC-05EDF0A3F141}.Release|iPhone.ActiveCfg = Release|Any CPU
		{4CAA34F7-0563-4AD9-BBFC-05EDF0A3F141}.Release|iPhone.Build.0 = Release|Any CPU
		{4CAA34F7-0563-4AD9-BBFC-05EDF0A3F141}.Release|iPhone.Deploy.0 = Release|Any CPU
		{4CAA34F7-0563-4AD9-BBFC-05EDF0A3F141}.Release|iPhoneSimulator.ActiveCfg = Release|Any CPU
		{4CAA34F7-0563-4AD9-BBFC-05EDF0A3F141}.Release|iPhoneSimulator.Build.0 = Release|Any CPU
		{4CAA34F7-0563-4AD9-BBFC-05EDF0A3F141}.Release|iPhoneSimulator.Deploy.0 = Release|Any CPU
		{645FADA9-A91E-446C-A311-D5A8D1E09CB8}.Ad-Hoc|Any CPU.ActiveCfg = Ad-Hoc|iPhone
		{645FADA9-A91E-446C-A311-D5A8D1E09CB8}.Ad-Hoc|Any CPU.Build.0 = Ad-Hoc|iPhone
		{645FADA9-A91E-446C-A311-D5A8D1E09CB8}.Ad-Hoc|Any CPU.Deploy.0 = Ad-Hoc|iPhone
		{645FADA9-A91E-446C-A311-D5A8D1E09CB8}.Ad-Hoc|iPhone.ActiveCfg = Ad-Hoc|iPhone
		{645FADA9-A91E-446C-A311-D5A8D1E09CB8}.Ad-Hoc|iPhone.Build.0 = Ad-Hoc|iPhone
		{645FADA9-A91E-446C-A311-D5A8D1E09CB8}.Ad-Hoc|iPhone.Deploy.0 = Ad-Hoc|iPhone
		{645FADA9-A91E-446C-A311-D5A8D1E09CB8}.Ad-Hoc|iPhoneSimulator.ActiveCfg = Ad-Hoc|iPhoneSimulator
		{645FADA9-A91E-446C-A311-D5A8D1E09CB8}.Ad-Hoc|iPhoneSimulator.Build.0 = Ad-Hoc|iPhoneSimulator
		{645FADA9-A91E-446C-A311-D5A8D1E09CB8}.Ad-Hoc|iPhoneSimulator.Deploy.0 = Ad-Hoc|iPhoneSimulator
		{645FADA9-A91E-446C-A311-D5A8D1E09CB8}.AppStore|Any CPU.ActiveCfg = AppStore|iPhone
		{645FADA9-A91E-446C-A311-D5A8D1E09CB8}.AppStore|Any CPU.Build.0 = AppStore|iPhone
		{645FADA9-A91E-446C-A311-D5A8D1E09CB8}.AppStore|Any CPU.Deploy.0 = AppStore|iPhone
		{645FADA9-A91E-446C-A311-D5A8D1E09CB8}.AppStore|iPhone.ActiveCfg = AppStore|iPhone
		{645FADA9-A91E-446C-A311-D5A8D1E09CB8}.AppStore|iPhone.Build.0 = AppStore|iPhone
		{645FADA9-A91E-446C-A311-D5A8D1E09CB8}.AppStore|iPhone.Deploy.0 = AppStore|iPhone
		{645FADA9-A91E-446C-A311-D5A8D1E09CB8}.AppStore|iPhoneSimulator.ActiveCfg = AppStore|iPhoneSimulator
		{645FADA9-A91E-446C-A311-D5A8D1E09CB8}.AppStore|iPhoneSimulator.Build.0 = AppStore|iPhoneSimulator
		{645FADA9-A91E-446C-A311-D5A8D1E09CB8}.AppStore|iPhoneSimulator.Deploy.0 = AppStore|iPhoneSimulator
		{645FADA9-A91E-446C-A311-D5A8D1E09CB8}.Debug|Any CPU.ActiveCfg = Debug|iPhoneSimulator
		{645FADA9-A91E-446C-A311-D5A8D1E09CB8}.Debug|Any CPU.Build.0 = Debug|iPhoneSimulator
		{645FADA9-A91E-446C-A311-D5A8D1E09CB8}.Debug|Any CPU.Deploy.0 = Debug|iPhoneSimulator
		{645FADA9-A91E-446C-A311-D5A8D1E09CB8}.Debug|iPhone.ActiveCfg = Debug|iPhone
		{645FADA9-A91E-446C-A311-D5A8D1E09CB8}.Debug|iPhone.Build.0 = Debug|iPhone
		{645FADA9-A91E-446C-A311-D5A8D1E09CB8}.Debug|iPhone.Deploy.0 = Debug|iPhone
		{645FADA9-A91E-446C-A311-D5A8D1E09CB8}.Debug|iPhoneSimulator.ActiveCfg = Debug|iPhoneSimulator
		{645FADA9-A91E-446C-A311-D5A8D1E09CB8}.Debug|iPhoneSimulator.Build.0 = Debug|iPhoneSimulator
		{645FADA9-A91E-446C-A311-D5A8D1E09CB8}.Debug|iPhoneSimulator.Deploy.0 = Debug|iPhoneSimulator
		{645FADA9-A91E-446C-A311-D5A8D1E09CB8}.Release|Any CPU.ActiveCfg = Release|iPhone
		{645FADA9-A91E-446C-A311-D5A8D1E09CB8}.Release|Any CPU.Build.0 = Release|iPhone
		{645FADA9-A91E-446C-A311-D5A8D1E09CB8}.Release|Any CPU.Deploy.0 = Release|iPhone
		{645FADA9-A91E-446C-A311-D5A8D1E09CB8}.Release|iPhone.ActiveCfg = Release|iPhone
		{645FADA9-A91E-446C-A311-D5A8D1E09CB8}.Release|iPhone.Build.0 = Release|iPhone
		{645FADA9-A91E-446C-A311-D5A8D1E09CB8}.Release|iPhone.Deploy.0 = Release|iPhone
		{645FADA9-A91E-446C-A311-D5A8D1E09CB8}.Release|iPhoneSimulator.ActiveCfg = Release|iPhoneSimulator
		{645FADA9-A91E-446C-A311-D5A8D1E09CB8}.Release|iPhoneSimulator.Build.0 = Release|iPhoneSimulator
		{645FADA9-A91E-446C-A311-D5A8D1E09CB8}.Release|iPhoneSimulator.Deploy.0 = Release|iPhoneSimulator
		{B3AB9F1F-5BE5-47BF-AB6F-CE763F50C7D4}.Ad-Hoc|Any CPU.ActiveCfg = Debug|Any CPU
		{B3AB9F1F-5BE5-47BF-AB6F-CE763F50C7D4}.Ad-Hoc|Any CPU.Build.0 = Debug|Any CPU
		{B3AB9F1F-5BE5-47BF-AB6F-CE763F50C7D4}.Ad-Hoc|Any CPU.Deploy.0 = Debug|Any CPU
		{B3AB9F1F-5BE5-47BF-AB6F-CE763F50C7D4}.Ad-Hoc|iPhone.ActiveCfg = Debug|Any CPU
		{B3AB9F1F-5BE5-47BF-AB6F-CE763F50C7D4}.Ad-Hoc|iPhone.Build.0 = Debug|Any CPU
		{B3AB9F1F-5BE5-47BF-AB6F-CE763F50C7D4}.Ad-Hoc|iPhone.Deploy.0 = Debug|Any CPU
		{B3AB9F1F-5BE5-47BF-AB6F-CE763F50C7D4}.Ad-Hoc|iPhoneSimulator.ActiveCfg = Debug|Any CPU
		{B3AB9F1F-5BE5-47BF-AB6F-CE763F50C7D4}.Ad-Hoc|iPhoneSimulator.Build.0 = Debug|Any CPU
		{B3AB9F1F-5BE5-47BF-AB6F-CE763F50C7D4}.Ad-Hoc|iPhoneSimulator.Deploy.0 = Debug|Any CPU
		{B3AB9F1F-5BE5-47BF-AB6F-CE763F50C7D4}.AppStore|Any CPU.ActiveCfg = Debug|Any CPU
		{B3AB9F1F-5BE5-47BF-AB6F-CE763F50C7D4}.AppStore|Any CPU.Build.0 = Debug|Any CPU
		{B3AB9F1F-5BE5-47BF-AB6F-CE763F50C7D4}.AppStore|Any CPU.Deploy.0 = Debug|Any CPU
		{B3AB9F1F-5BE5-47BF-AB6F-CE763F50C7D4}.AppStore|iPhone.ActiveCfg = Debug|Any CPU
		{B3AB9F1F-5BE5-47BF-AB6F-CE763F50C7D4}.AppStore|iPhone.Build.0 = Debug|Any CPU
		{B3AB9F1F-5BE5-47BF-AB6F-CE763F50C7D4}.AppStore|iPhone.Deploy.0 = Debug|Any CPU
		{B3AB9F1F-5BE5-47BF-AB6F-CE763F50C7D4}.AppStore|iPhoneSimulator.ActiveCfg = Debug|Any CPU
		{B3AB9F1F-5BE5-47BF-AB6F-CE763F50C7D4}.AppStore|iPhoneSimulator.Build.0 = Debug|Any CPU
		{B3AB9F1F-5BE5-47BF-AB6F-CE763F50C7D4}.AppStore|iPhoneSimulator.Deploy.0 = Debug|Any CPU
		{B3AB9F1F-5BE5-47BF-AB6F-CE763F50C7D4}.Debug|Any CPU.ActiveCfg = Debug|Any CPU
		{B3AB9F1F-5BE5-47BF-AB6F-CE763F50C7D4}.Debug|Any CPU.Build.0 = Debug|Any CPU
		{B3AB9F1F-5BE5-47BF-AB6F-CE763F50C7D4}.Debug|Any CPU.Deploy.0 = Debug|Any CPU
		{B3AB9F1F-5BE5-47BF-AB6F-CE763F50C7D4}.Debug|iPhone.ActiveCfg = Debug|Any CPU
		{B3AB9F1F-5BE5-47BF-AB6F-CE763F50C7D4}.Debug|iPhone.Build.0 = Debug|Any CPU
		{B3AB9F1F-5BE5-47BF-AB6F-CE763F50C7D4}.Debug|iPhone.Deploy.0 = Debug|Any CPU
		{B3AB9F1F-5BE5-47BF-AB6F-CE763F50C7D4}.Debug|iPhoneSimulator.ActiveCfg = Debug|Any CPU
		{B3AB9F1F-5BE5-47BF-AB6F-CE763F50C7D4}.Debug|iPhoneSimulator.Build.0 = Debug|Any CPU
		{B3AB9F1F-5BE5-47BF-AB6F-CE763F50C7D4}.Debug|iPhoneSimulator.Deploy.0 = Debug|Any CPU
		{B3AB9F1F-5BE5-47BF-AB6F-CE763F50C7D4}.Release|Any CPU.ActiveCfg = Release|Any CPU
		{B3AB9F1F-5BE5-47BF-AB6F-CE763F50C7D4}.Release|Any CPU.Build.0 = Release|Any CPU
		{B3AB9F1F-5BE5-47BF-AB6F-CE763F50C7D4}.Release|Any CPU.Deploy.0 = Release|Any CPU
		{B3AB9F1F-5BE5-47BF-AB6F-CE763F50C7D4}.Release|iPhone.ActiveCfg = Release|Any CPU
		{B3AB9F1F-5BE5-47BF-AB6F-CE763F50C7D4}.Release|iPhone.Build.0 = Release|Any CPU
		{B3AB9F1F-5BE5-47BF-AB6F-CE763F50C7D4}.Release|iPhone.Deploy.0 = Release|Any CPU
		{B3AB9F1F-5BE5-47BF-AB6F-CE763F50C7D4}.Release|iPhoneSimulator.ActiveCfg = Release|Any CPU
		{B3AB9F1F-5BE5-47BF-AB6F-CE763F50C7D4}.Release|iPhoneSimulator.Build.0 = Release|Any CPU
		{B3AB9F1F-5BE5-47BF-AB6F-CE763F50C7D4}.Release|iPhoneSimulator.Deploy.0 = Release|Any CPU
	EndGlobalSection
	GlobalSection(SolutionProperties) = preSolution
		HideSolutionNode = FALSE
	EndGlobalSection
	GlobalSection(ExtensibilityGlobals) = postSolution
		SolutionGuid = {4D437420-52C0-44A2-B8AB-83FC76A119E5}
	EndGlobalSection
EndGlobal
